{
    "name": "consensusjs",
    "version": "0.0.31",
    "lockfileVersion": 1,
    "requires": true,
    "dependencies": {
        "base64-js": {
            "version": "1.3.1",
            "resolved": "https://registry.npmjs.org/base64-js/-/base64-js-1.3.1.tgz",
            "integrity": "sha512-mLQ4i2QO1ytvGWFWmcngKO//JXAQueZvwEKtjgQFM4jIK0kU+ytMfplL8j+n5mspOfjHwoAg+9yhb7BwAHm36g=="
        },
        "bn.js": {
            "version": "4.11.9",
            "resolved": "https://registry.npmjs.org/bn.js/-/bn.js-4.11.9.tgz",
            "integrity": "sha512-E6QoYqCKZfgatHTdHzs1RRKP7ip4vvm+EyRUeE2RF0NblwVvb0p6jSVeNTOFxPn26QXN2o6SMfNxKp6kU8zQaw=="
        },
        "buffer": {
            "version": "5.5.0",
            "resolved": "https://registry.npmjs.org/buffer/-/buffer-5.5.0.tgz",
            "integrity": "sha512-9FTEDjLjwoAkEwyMGDjYJQN2gfRgOKBKRfiglhvibGbpeeU/pQn1bJxQqm32OD/AIeEuHxU9roxXxg34Byp/Ww==",
            "requires": {
                "base64-js": "^1.0.2",
                "ieee754": "^1.1.4"
            }
        },
        "ieee754": {
            "version": "1.1.13",
            "resolved": "https://registry.npmjs.org/ieee754/-/ieee754-1.1.13.tgz",
            "integrity": "sha512-4vf7I2LYV/HaWerSo3XmlMkp5eZ83i+/CDluXi/IGTs/O1sejBNhTtnxzmRZfvOUqj7lZjqHkeTvpgSFDlWZTg=="
        },
        "js-sha3": {
            "version": "0.5.7",
            "resolved": "https://registry.npmjs.org/js-sha3/-/js-sha3-0.5.7.tgz",
            "integrity": "sha1-DU/9gALVMzqrr0oj7tL2N0yfKOc="
        },
        "merkle-tools": {
            "version": "1.4.0",
            "resolved": "https://registry.npmjs.org/merkle-tools/-/merkle-tools-1.4.0.tgz",
            "integrity": "sha512-OTLC8O1G68+CiNQ6H575XYODmTlOJEf4rDweWqoykA0CUOkyQQ7mS2pqLzN4i3kw5W+VqrHUflEWMrmNZ5OXYQ==",
            "requires": {
                "js-sha3": "^0.5.7"
            }
        },
        "sha3": {
            "version": "2.1.2",
            "resolved": "https://registry.npmjs.org/sha3/-/sha3-2.1.2.tgz",
            "integrity": "sha512-agYUtkzMsdFTQkM3ECyt6YW0552fyEb0tYZkl7olurS1Vg2Ms5+2SdF4VFPC1jnwtiXMb8b0fSyuAGZh+q2mAw==",
            "requires": {
                "buffer": "5.5.0"
            }
        }
    }
}
